
Microsoft Visual Studio Solution File, Format Version 12.00
# Visual Studio 14
VisualStudioVersion = 14.0.25420.1
MinimumVisualStudioVersion = 10.0.40219.1
Project("{FAE04EC0-301F-11D3-BF4B-00C04F79EFBC}") = "APLSProject", "Project\APLSProject.csproj", "{2BD994CC-30D4-4DDE-95B2-92A73D04E916}"
EndProject
Project("{FAE04EC0-301F-11D3-BF4B-00C04F79EFBC}") = "APLSProjectDomain", "ProjectDomain\APLSProjectDomain.csproj", "{A36B6C97-10C8-47D6-8A0F-59919197F45F}"
EndProject
Project("{FAE04EC0-301F-11D3-BF4B-00C04F79EFBC}") = "ConsumerWebAPI", "ConsumerWebAPI\ConsumerWebAPI.csproj", "{4F2513E2-5D39-46A1-8CC4-136DC14AFB83}"
EndProject
Global
	GlobalSection(SolutionConfigurationPlatforms) = preSolution
		Debug|Any CPU = Debug|Any CPU
		Release|Any CPU = Release|Any CPU
	EndGlobalSection
	GlobalSection(ProjectConfigurationPlatforms) = postSolution
		{2BD994CC-30D4-4DDE-95B2-92A73D04E916}.Debug|Any CPU.ActiveCfg = Debug|Any CPU
		{2BD994CC-30D4-4DDE-95B2-92A73D04E916}.Debug|Any CPU.Build.0 = Debug|Any CPU
		{2BD994CC-30D4-4DDE-95B2-92A73D04E916}.Release|Any CPU.ActiveCfg = Release|Any CPU
		{2BD994CC-30D4-4DDE-95B2-92A73D04E916}.Release|Any CPU.Build.0 = Release|Any CPU
		{A36B6C97-10C8-47D6-8A0F-59919197F45F}.Debug|Any CPU.ActiveCfg = Debug|Any CPU
		{A36B6C97-10C8-47D6-8A0F-59919197F45F}.Debug|Any CPU.Build.0 = Debug|Any CPU
		{A36B6C97-10C8-47D6-8A0F-59919197F45F}.Release|Any CPU.ActiveCfg = Release|Any CPU
		{A36B6C97-10C8-47D6-8A0F-59919197F45F}.Release|Any CPU.Build.0 = Release|Any CPU
		{4F2513E2-5D39-46A1-8CC4-136DC14AFB83}.Debug|Any CPU.ActiveCfg = Debug|Any CPU
		{4F2513E2-5D39-46A1-8CC4-136DC14AFB83}.Debug|Any CPU.Build.0 = Debug|Any CPU
		{4F2513E2-5D39-46A1-8CC4-136DC14AFB83}.Release|Any CPU.ActiveCfg = Release|Any CPU
		{4F2513E2-5D39-46A1-8CC4-136DC14AFB83}.Release|Any CPU.Build.0 = Release|Any CPU
	EndGlobalSection
	GlobalSection(SolutionProperties) = preSolution
		HideSolutionNode = FALSE
	EndGlobalSection
EndGlobal
